
Microsoft Visual Studio Solution File, Format Version 12.00
# Visual Studio Version 17
VisualStudioVersion = 17.5.33414.496
MinimumVisualStudioVersion = 10.0.40219.1
Project("{FAE04EC0-301F-11D3-BF4B-00C04F79EFBC}") = "Console_Constructor_Yapici_Metot_3", "Console_Constructor_Yapici_Metot_3\Console_Constructor_Yapici_Metot_3.csproj", "{D50CDA23-1626-4A13-A4E4-682D24C257DF}"
EndProject
Global
	GlobalSection(SolutionConfigurationPlatforms) = preSolution
		Debug|Any CPU = Debug|Any CPU
		Release|Any CPU = Release|Any CPU
	EndGlobalSection
	GlobalSection(ProjectConfigurationPlatforms) = postSolution
		{D50CDA23-1626-4A13-A4E4-682D24C257DF}.Debug|Any CPU.ActiveCfg = Debug|Any CPU
		{D50CDA23-1626-4A13-A4E4-682D24C257DF}.Debug|Any CPU.Build.0 = Debug|Any CPU
		{D50CDA23-1626-4A13-A4E4-682D24C257DF}.Release|Any CPU.ActiveCfg = Release|Any CPU
		{D50CDA23-1626-4A13-A4E4-682D24C257DF}.Release|Any CPU.Build.0 = Release|Any CPU
	EndGlobalSection
	GlobalSection(SolutionProperties) = preSolution
		HideSolutionNode = FALSE
	EndGlobalSection
	GlobalSection(ExtensibilityGlobals) = postSolution
		SolutionGuid = {B236FAFC-FCE1-4224-A50D-E3A740E41743}
	EndGlobalSection
EndGlobal
